
Microsoft Visual Studio Solution File, Format Version 12.00
# Visual Studio Version 17
VisualStudioVersion = 17.11.34929.205
MinimumVisualStudioVersion = 10.0.40219.1
Project("{FAE04EC0-301F-11D3-BF4B-00C04F79EFBC}") = "WinFormsApp1", "WinFormsApp1\WinFormsApp1.csproj", "{696C253F-199A-4621-B9BF-3C855E40FE7F}"
EndProject
Global
	GlobalSection(SolutionConfigurationPlatforms) = preSolution
		Debug|Any CPU = Debug|Any CPU
		Release|Any CPU = Release|Any CPU
	EndGlobalSection
	GlobalSection(ProjectConfigurationPlatforms) = postSolution
		{696C253F-199A-4621-B9BF-3C855E40FE7F}.Debug|Any CPU.ActiveCfg = Debug|Any CPU
		{696C253F-199A-4621-B9BF-3C855E40FE7F}.Debug|Any CPU.Build.0 = Debug|Any CPU
		{696C253F-199A-4621-B9BF-3C855E40FE7F}.Release|Any CPU.ActiveCfg = Release|Any CPU
		{696C253F-199A-4621-B9BF-3C855E40FE7F}.Release|Any CPU.Build.0 = Release|Any CPU
	EndGlobalSection
	GlobalSection(SolutionProperties) = preSolution
		HideSolutionNode = FALSE
	EndGlobalSection
	GlobalSection(ExtensibilityGlobals) = postSolution
		SolutionGuid = {00E41F7C-5C8F-4B13-9B8D-02D068D294C1}
	EndGlobalSection
EndGlobal
